// !$*UTF8*$!
{
	archiveVersion = 1;
	classes = {
	};
	objectVersion = 46;
	objects = {

/* Begin PBXBuildFile section */
		000A11411C4079E60089DC60 /* PageViewController.swift in Sources */ = {isa = PBXBuildFile; fileRef = 000A11401C4079E60089DC60 /* PageViewController.swift */; };
		000A11471C41A1B90089DC60 /* LessonCellTableViewCell.swift in Sources */ = {isa = PBXBuildFile; fileRef = 000A11461C41A1B90089DC60 /* LessonCellTableViewCell.swift */; };
		000A114A1C41B4D60089DC60 /* WordDetailsViewController.swift in Sources */ = {isa = PBXBuildFile; fileRef = 000A11491C41B4D60089DC60 /* WordDetailsViewController.swift */; };
		0028D0BA199EA87B00342453 /* AppDelegate.swift in Sources */ = {isa = PBXBuildFile; fileRef = 0028D0B9199EA87B00342453 /* AppDelegate.swift */; };
		0028D0BC199EA87B00342453 /* TestViewController.swift in Sources */ = {isa = PBXBuildFile; fileRef = 0028D0BB199EA87B00342453 /* TestViewController.swift */; };
		0028D0BF199EA87B00342453 /* Main.storyboard in Resources */ = {isa = PBXBuildFile; fileRef = 0028D0BD199EA87B00342453 /* Main.storyboard */; };
		0028D0C1199EA87B00342453 /* Images.xcassets in Resources */ = {isa = PBXBuildFile; fileRef = 0028D0C0199EA87B00342453 /* Images.xcassets */; };
		00297D7A1AAC4BE20085D3DE /* ActionRequestHandler.swift in Sources */ = {isa = PBXBuildFile; fileRef = 00297D791AAC4BE20085D3DE /* ActionRequestHandler.swift */; };
		00297D7C1AAC4BE20085D3DE /* Action.js in Resources */ = {isa = PBXBuildFile; fileRef = 00297D7B1AAC4BE20085D3DE /* Action.js */; };
		00297D7F1AAC4BE20085D3DE /* Export to Vokabular.appex in Embed App Extensions */ = {isa = PBXBuildFile; fileRef = 00297D751AAC4BE20085D3DE /* Export to Vokabular.appex */; settings = {ATTRIBUTES = (RemoveHeadersOnCopy, ); }; };
		00409E281C558B0E000416D4 /* extensionInterface.storyboard in Resources */ = {isa = PBXBuildFile; fileRef = 00409E271C558B0E000416D4 /* extensionInterface.storyboard */; };
		00409E2A1C56B9B5000416D4 /* ExportFileViewController.swift in Sources */ = {isa = PBXBuildFile; fileRef = 00409E291C56B9B5000416D4 /* ExportFileViewController.swift */; };
		004B18B41ABDFE5200F70961 /* BSLessonSelectorViewController.swift in Sources */ = {isa = PBXBuildFile; fileRef = 004B18B31ABDFE5200F70961 /* BSLessonSelectorViewController.swift */; };
		004B18B61ABFF06A00F70961 /* Images.xcassets in Resources */ = {isa = PBXBuildFile; fileRef = 0028D0C0199EA87B00342453 /* Images.xcassets */; };
		006DE58019D75C7A006D7A2F /* UIKit.framework in Frameworks */ = {isa = PBXBuildFile; fileRef = 006DE57F19D75C7A006D7A2F /* UIKit.framework */; };
		007856761C4BA08E009FAE7B /* CoreVokabular.framework in Frameworks */ = {isa = PBXBuildFile; fileRef = 007856751C4BA08E009FAE7B /* CoreVokabular.framework */; };
		007856771C4BA08E009FAE7B /* CoreVokabular.framework in Embed Frameworks */ = {isa = PBXBuildFile; fileRef = 007856751C4BA08E009FAE7B /* CoreVokabular.framework */; settings = {ATTRIBUTES = (CodeSignOnCopy, RemoveHeadersOnCopy, ); }; };
		007C6CDC1A10FC7C00A6C5C0 /* BSMainWindowController.swift in Sources */ = {isa = PBXBuildFile; fileRef = 007C6CDB1A10FC7C00A6C5C0 /* BSMainWindowController.swift */; };
		0090303119D71DFA00849265 /* LineGraphViewController.swift in Sources */ = {isa = PBXBuildFile; fileRef = 0090303019D71DFA00849265 /* LineGraphViewController.swift */; };
		0094FF6E19BB4680004CEACE /* TestSelectorViewController.swift in Sources */ = {isa = PBXBuildFile; fileRef = 0094FF6D19BB4680004CEACE /* TestSelectorViewController.swift */; };
		00A7392119C47AD700475E11 /* TemplateIcon2x.png in Resources */ = {isa = PBXBuildFile; fileRef = 00A7391E19C47AD700475E11 /* TemplateIcon2x.png */; };
		00B55E4E1C5D01410059930F /* ActionRequestHandler.swift in Sources */ = {isa = PBXBuildFile; fileRef = 00B55E4D1C5D01410059930F /* ActionRequestHandler.swift */; };
		00B55E501C5D01410059930F /* Action.js in Resources */ = {isa = PBXBuildFile; fileRef = 00B55E4F1C5D01410059930F /* Action.js */; };
		00B55E541C5D01410059930F /* ExportWithoutUI.appex in Embed App Extensions */ = {isa = PBXBuildFile; fileRef = 00B55E4B1C5D01410059930F /* ExportWithoutUI.appex */; settings = {ATTRIBUTES = (RemoveHeadersOnCopy, ); }; };
		00B55E5F1C5D081D0059930F /* ShareViewController.swift in Sources */ = {isa = PBXBuildFile; fileRef = 00B55E5E1C5D081D0059930F /* ShareViewController.swift */; };
		00B55E621C5D081D0059930F /* MainInterface.storyboard in Resources */ = {isa = PBXBuildFile; fileRef = 00B55E601C5D081D0059930F /* MainInterface.storyboard */; };
		00B55E661C5D081D0059930F /* ShareWords.appex in Embed App Extensions */ = {isa = PBXBuildFile; fileRef = 00B55E5C1C5D081D0059930F /* ShareWords.appex */; settings = {ATTRIBUTES = (RemoveHeadersOnCopy, ); }; };
		00B604601A018A6F00243649 /* AppDelegate.swift in Sources */ = {isa = PBXBuildFile; fileRef = 00B6045F1A018A6F00243649 /* AppDelegate.swift */; };
		00B604621A018A6F00243649 /* ViewController.swift in Sources */ = {isa = PBXBuildFile; fileRef = 00B604611A018A6F00243649 /* ViewController.swift */; };
		00B604641A018A6F00243649 /* Images.xcassets in Resources */ = {isa = PBXBuildFile; fileRef = 00B604631A018A6F00243649 /* Images.xcassets */; };
		00B604671A018A6F00243649 /* Main.storyboard in Resources */ = {isa = PBXBuildFile; fileRef = 00B604651A018A6F00243649 /* Main.storyboard */; };
		00ECDD481C78B2B80038D37D /* WordTypeView.swift in Sources */ = {isa = PBXBuildFile; fileRef = 00ECDD471C78B2B80038D37D /* WordTypeView.swift */; };
/* End PBXBuildFile section */

/* Begin PBXContainerItemProxy section */
		00297D7D1AAC4BE20085D3DE /* PBXContainerItemProxy */ = {
			isa = PBXContainerItemProxy;
			containerPortal = 0028D0AC199EA87B00342453 /* Project object */;
			proxyType = 1;
			remoteGlobalIDString = 00297D741AAC4BE20085D3DE;
			remoteInfo = "Export to Vokabular";
		};
		00B55E521C5D01410059930F /* PBXContainerItemProxy */ = {
			isa = PBXContainerItemProxy;
			containerPortal = 0028D0AC199EA87B00342453 /* Project object */;
			proxyType = 1;
			remoteGlobalIDString = 00B55E4A1C5D01410059930F;
			remoteInfo = ExportWithoutUI;
		};
		00B55E641C5D081D0059930F /* PBXContainerItemProxy */ = {
			isa = PBXContainerItemProxy;
			containerPortal = 0028D0AC199EA87B00342453 /* Project object */;
			proxyType = 1;
			remoteGlobalIDString = 00B55E5B1C5D081D0059930F;
			remoteInfo = ShareWords;
		};
		00B6046D1A018A7000243649 /* PBXContainerItemProxy */ = {
			isa = PBXContainerItemProxy;
			containerPortal = 0028D0AC199EA87B00342453 /* Project object */;
			proxyType = 1;
			remoteGlobalIDString = 00B6045A1A018A6F00243649;
			remoteInfo = Vokabular_OSX;
		};
/* End PBXContainerItemProxy section */

/* Begin PBXCopyFilesBuildPhase section */
		007364FF1A22365400AAEF31 /* Embed Frameworks */ = {
			isa = PBXCopyFilesBuildPhase;
			buildActionMask = 2147483647;
			dstPath = "";
			dstSubfolderSpec = 10;
			files = (
			);
			name = "Embed Frameworks";
			runOnlyForDeploymentPostprocessing = 0;
		};
		007856781C4BA08E009FAE7B /* Embed Frameworks */ = {
			isa = PBXCopyFilesBuildPhase;
			buildActionMask = 2147483647;
			dstPath = "";
			dstSubfolderSpec = 10;
			files = (
				007856771C4BA08E009FAE7B /* CoreVokabular.framework in Embed Frameworks */,
			);
			name = "Embed Frameworks";
			runOnlyForDeploymentPostprocessing = 0;
		};
		00B147901AAA6C1900ED68B1 /* Embed App Extensions */ = {
			isa = PBXCopyFilesBuildPhase;
			buildActionMask = 2147483647;
			dstPath = "";
			dstSubfolderSpec = 13;
			files = (
				00297D7F1AAC4BE20085D3DE /* Export to Vokabular.appex in Embed App Extensions */,
				00B55E661C5D081D0059930F /* ShareWords.appex in Embed App Extensions */,
				00B55E541C5D01410059930F /* ExportWithoutUI.appex in Embed App Extensions */,
			);
			name = "Embed App Extensions";
			runOnlyForDeploymentPostprocessing = 0;
		};
/* End PBXCopyFilesBuildPhase section */

/* Begin PBXFileReference section */
		000A11401C4079E60089DC60 /* PageViewController.swift */ = {isa = PBXFileReference; fileEncoding = 4; lastKnownFileType = sourcecode.swift; path = PageViewController.swift; sourceTree = "<group>"; };
		000A11461C41A1B90089DC60 /* LessonCellTableViewCell.swift */ = {isa = PBXFileReference; fileEncoding = 4; lastKnownFileType = sourcecode.swift; path = LessonCellTableViewCell.swift; sourceTree = "<group>"; };
		000A11491C41B4D60089DC60 /* WordDetailsViewController.swift */ = {isa = PBXFileReference; fileEncoding = 4; lastKnownFileType = sourcecode.swift; path = WordDetailsViewController.swift; sourceTree = "<group>"; };
		0028D0B4199EA87B00342453 /* Vokabular.app */ = {isa = PBXFileReference; explicitFileType = wrapper.application; includeInIndex = 0; path = Vokabular.app; sourceTree = BUILT_PRODUCTS_DIR; };
		0028D0B8199EA87B00342453 /* Info.plist */ = {isa = PBXFileReference; lastKnownFileType = text.plist.xml; path = Info.plist; sourceTree = "<group>"; };
		0028D0B9199EA87B00342453 /* AppDelegate.swift */ = {isa = PBXFileReference; lastKnownFileType = sourcecode.swift; path = AppDelegate.swift; sourceTree = "<group>"; };
		0028D0BB199EA87B00342453 /* TestViewController.swift */ = {isa = PBXFileReference; lastKnownFileType = sourcecode.swift; path = TestViewController.swift; sourceTree = "<group>"; };
		0028D0BE199EA87B00342453 /* Base */ = {isa = PBXFileReference; lastKnownFileType = file.storyboard; name = Base; path = Base.lproj/Main.storyboard; sourceTree = "<group>"; };
		0028D0C0199EA87B00342453 /* Images.xcassets */ = {isa = PBXFileReference; lastKnownFileType = folder.assetcatalog; path = Images.xcassets; sourceTree = "<group>"; };
		0028D0CB199EA87B00342453 /* Info.plist */ = {isa = PBXFileReference; lastKnownFileType = text.plist.xml; path = Info.plist; sourceTree = "<group>"; };
		0028D0CC199EA87B00342453 /* VokabularTests.swift */ = {isa = PBXFileReference; lastKnownFileType = sourcecode.swift; path = VokabularTests.swift; sourceTree = "<group>"; };
		00297D751AAC4BE20085D3DE /* Export to Vokabular.appex */ = {isa = PBXFileReference; explicitFileType = "wrapper.app-extension"; includeInIndex = 0; path = "Export to Vokabular.appex"; sourceTree = BUILT_PRODUCTS_DIR; };
		00297D781AAC4BE20085D3DE /* Info.plist */ = {isa = PBXFileReference; lastKnownFileType = text.plist.xml; path = Info.plist; sourceTree = "<group>"; };
		00297D791AAC4BE20085D3DE /* ActionRequestHandler.swift */ = {isa = PBXFileReference; lastKnownFileType = sourcecode.swift; path = ActionRequestHandler.swift; sourceTree = "<group>"; };
		00297D7B1AAC4BE20085D3DE /* Action.js */ = {isa = PBXFileReference; lastKnownFileType = sourcecode.javascript; path = Action.js; sourceTree = "<group>"; };
		00297D951AACBFD20085D3DE /* Vokabular.entitlements */ = {isa = PBXFileReference; lastKnownFileType = text.xml; path = Vokabular.entitlements; sourceTree = "<group>"; };
		00297D961AACC01A0085D3DE /* Export to Vokabular.entitlements */ = {isa = PBXFileReference; lastKnownFileType = text.xml; path = "Export to Vokabular.entitlements"; sourceTree = "<group>"; };
		00409E271C558B0E000416D4 /* extensionInterface.storyboard */ = {isa = PBXFileReference; fileEncoding = 4; lastKnownFileType = file.storyboard; path = extensionInterface.storyboard; sourceTree = "<group>"; };
		00409E291C56B9B5000416D4 /* ExportFileViewController.swift */ = {isa = PBXFileReference; fileEncoding = 4; lastKnownFileType = sourcecode.swift; path = ExportFileViewController.swift; sourceTree = "<group>"; };
		004B18B21ABDFE5100F70961 /* Vokabular_OSXTests-Bridging-Header.h */ = {isa = PBXFileReference; lastKnownFileType = sourcecode.c.h; path = "Vokabular_OSXTests-Bridging-Header.h"; sourceTree = "<group>"; };
		004B18B31ABDFE5200F70961 /* BSLessonSelectorViewController.swift */ = {isa = PBXFileReference; fileEncoding = 4; lastKnownFileType = sourcecode.swift; path = BSLessonSelectorViewController.swift; sourceTree = "<group>"; };
		005359431AB71B8E009F763E /* Vokabular.xcodeproj */ = {isa = PBXFileReference; lastKnownFileType = "wrapper.pb-project"; name = Vokabular.xcodeproj; path = "/Users/borja/code/Objective-C/Vokabular copy/Vokabular.xcodeproj"; sourceTree = "<absolute>"; };
		006DE57F19D75C7A006D7A2F /* UIKit.framework */ = {isa = PBXFileReference; lastKnownFileType = wrapper.framework; name = UIKit.framework; path = System/Library/Frameworks/UIKit.framework; sourceTree = SDKROOT; };
		007856751C4BA08E009FAE7B /* CoreVokabular.framework */ = {isa = PBXFileReference; explicitFileType = wrapper.framework; name = CoreVokabular.framework; path = "/Users/borja/Library/Developer/Xcode/DerivedData/VokabularWorkspace-byzckeecsfwhaxcpjpybjbvamtzi/Build/Products/Debug-iphoneos/CoreVokabular.framework"; sourceTree = "<absolute>"; };
		007C6CDB1A10FC7C00A6C5C0 /* BSMainWindowController.swift */ = {isa = PBXFileReference; fileEncoding = 4; lastKnownFileType = sourcecode.swift; path = BSMainWindowController.swift; sourceTree = "<group>"; };
		0090303019D71DFA00849265 /* LineGraphViewController.swift */ = {isa = PBXFileReference; fileEncoding = 4; lastKnownFileType = sourcecode.swift; path = LineGraphViewController.swift; sourceTree = "<group>"; };
		0094FF6D19BB4680004CEACE /* TestSelectorViewController.swift */ = {isa = PBXFileReference; fileEncoding = 4; lastKnownFileType = sourcecode.swift; path = TestSelectorViewController.swift; sourceTree = "<group>"; };
		00A7391E19C47AD700475E11 /* TemplateIcon2x.png */ = {isa = PBXFileReference; lastKnownFileType = image.png; path = TemplateIcon2x.png; sourceTree = "<group>"; };
		00B55E4B1C5D01410059930F /* ExportWithoutUI.appex */ = {isa = PBXFileReference; explicitFileType = "wrapper.app-extension"; includeInIndex = 0; path = ExportWithoutUI.appex; sourceTree = BUILT_PRODUCTS_DIR; };
		00B55E4D1C5D01410059930F /* ActionRequestHandler.swift */ = {isa = PBXFileReference; lastKnownFileType = sourcecode.swift; path = ActionRequestHandler.swift; sourceTree = "<group>"; };
		00B55E4F1C5D01410059930F /* Action.js */ = {isa = PBXFileReference; lastKnownFileType = sourcecode.javascript; path = Action.js; sourceTree = "<group>"; };
		00B55E511C5D01410059930F /* Info.plist */ = {isa = PBXFileReference; lastKnownFileType = text.plist.xml; path = Info.plist; sourceTree = "<group>"; };
		00B55E5C1C5D081D0059930F /* ShareWords.appex */ = {isa = PBXFileReference; explicitFileType = "wrapper.app-extension"; includeInIndex = 0; path = ShareWords.appex; sourceTree = BUILT_PRODUCTS_DIR; };
		00B55E5E1C5D081D0059930F /* ShareViewController.swift */ = {isa = PBXFileReference; lastKnownFileType = sourcecode.swift; path = ShareViewController.swift; sourceTree = "<group>"; };
		00B55E611C5D081D0059930F /* Base */ = {isa = PBXFileReference; lastKnownFileType = file.storyboard; name = Base; path = Base.lproj/MainInterface.storyboard; sourceTree = "<group>"; };
		00B55E631C5D081D0059930F /* Info.plist */ = {isa = PBXFileReference; lastKnownFileType = text.plist.xml; path = Info.plist; sourceTree = "<group>"; };
		00B55E6A1C5D0A4E0059930F /* ExportWithoutUI.entitlements */ = {isa = PBXFileReference; lastKnownFileType = text.xml; path = ExportWithoutUI.entitlements; sourceTree = "<group>"; };
		00B55E6B1C5D0A6C0059930F /* ShareWords.entitlements */ = {isa = PBXFileReference; lastKnownFileType = text.xml; path = ShareWords.entitlements; sourceTree = "<group>"; };
		00B6045B1A018A6F00243649 /* Vokabular .app */ = {isa = PBXFileReference; explicitFileType = wrapper.application; includeInIndex = 0; path = "Vokabular .app"; sourceTree = BUILT_PRODUCTS_DIR; };
		00B6045E1A018A6F00243649 /* Info.plist */ = {isa = PBXFileReference; lastKnownFileType = text.plist.xml; path = Info.plist; sourceTree = "<group>"; };
		00B6045F1A018A6F00243649 /* AppDelegate.swift */ = {isa = PBXFileReference; lastKnownFileType = sourcecode.swift; path = AppDelegate.swift; sourceTree = "<group>"; };
		00B604611A018A6F00243649 /* ViewController.swift */ = {isa = PBXFileReference; lastKnownFileType = sourcecode.swift; path = ViewController.swift; sourceTree = "<group>"; };
		00B604631A018A6F00243649 /* Images.xcassets */ = {isa = PBXFileReference; lastKnownFileType = folder.assetcatalog; path = Images.xcassets; sourceTree = "<group>"; };
		00B604661A018A6F00243649 /* Base */ = {isa = PBXFileReference; lastKnownFileType = file.storyboard; name = Base; path = Base.lproj/Main.storyboard; sourceTree = "<group>"; };
		00B6046C1A018A6F00243649 /* Vokabular_OSXTests.xctest */ = {isa = PBXFileReference; explicitFileType = wrapper.cfbundle; includeInIndex = 0; path = Vokabular_OSXTests.xctest; sourceTree = BUILT_PRODUCTS_DIR; };
		00B604711A018A7000243649 /* Info.plist */ = {isa = PBXFileReference; lastKnownFileType = text.plist.xml; path = Info.plist; sourceTree = "<group>"; };
		00B604721A018A7000243649 /* Vokabular_OSXTests.swift */ = {isa = PBXFileReference; lastKnownFileType = sourcecode.swift; path = Vokabular_OSXTests.swift; sourceTree = "<group>"; };
		00ECDD471C78B2B80038D37D /* WordTypeView.swift */ = {isa = PBXFileReference; fileEncoding = 4; lastKnownFileType = sourcecode.swift; path = WordTypeView.swift; sourceTree = "<group>"; };
/* End PBXFileReference section */

/* Begin PBXFrameworksBuildPhase section */
		0028D0B1199EA87B00342453 /* Frameworks */ = {
			isa = PBXFrameworksBuildPhase;
			buildActionMask = 2147483647;
			files = (
				006DE58019D75C7A006D7A2F /* UIKit.framework in Frameworks */,
				007856761C4BA08E009FAE7B /* CoreVokabular.framework in Frameworks */,
			);
			runOnlyForDeploymentPostprocessing = 0;
		};
		00297D721AAC4BE20085D3DE /* Frameworks */ = {
			isa = PBXFrameworksBuildPhase;
			buildActionMask = 2147483647;
			files = (
			);
			runOnlyForDeploymentPostprocessing = 0;
		};
		00B55E481C5D01410059930F /* Frameworks */ = {
			isa = PBXFrameworksBuildPhase;
			buildActionMask = 2147483647;
			files = (
			);
			runOnlyForDeploymentPostprocessing = 0;
		};
		00B55E591C5D081D0059930F /* Frameworks */ = {
			isa = PBXFrameworksBuildPhase;
			buildActionMask = 2147483647;
			files = (
			);
			runOnlyForDeploymentPostprocessing = 0;
		};
		00B604581A018A6F00243649 /* Frameworks */ = {
			isa = PBXFrameworksBuildPhase;
			buildActionMask = 2147483647;
			files = (
			);
			runOnlyForDeploymentPostprocessing = 0;
		};
		00B604691A018A6F00243649 /* Frameworks */ = {
			isa = PBXFrameworksBuildPhase;
			buildActionMask = 2147483647;
			files = (
			);
			runOnlyForDeploymentPostprocessing = 0;
		};
/* End PBXFrameworksBuildPhase section */

/* Begin PBXGroup section */
		0028D0AB199EA87B00342453 = {
			isa = PBXGroup;
			children = (
				00B55E4C1C5D01410059930F /* ExportWithoutUI */,
				00B55E5D1C5D081D0059930F /* ShareWords */,
				005359441AB71B8E009F763E /* Frameworks */,
				0028D0B6199EA87B00342453 /* Vokabular */,
				0028D0C9199EA87B00342453 /* VokabularTests */,
				00B6045C1A018A6F00243649 /* Vokabular_OSX */,
				00B6046F1A018A7000243649 /* Vokabular_OSXTests */,
				00297D761AAC4BE20085D3DE /* Export to Vokabular */,
				0028D0B5199EA87B00342453 /* Products */,
			);
			sourceTree = "<group>";
		};
		0028D0B5199EA87B00342453 /* Products */ = {
			isa = PBXGroup;
			children = (
				0028D0B4199EA87B00342453 /* Vokabular.app */,
				00B6045B1A018A6F00243649 /* Vokabular .app */,
				00B6046C1A018A6F00243649 /* Vokabular_OSXTests.xctest */,
				00297D751AAC4BE20085D3DE /* Export to Vokabular.appex */,
				00B55E4B1C5D01410059930F /* ExportWithoutUI.appex */,
				00B55E5C1C5D081D0059930F /* ShareWords.appex */,
			);
			name = Products;
			sourceTree = "<group>";
		};
		0028D0B6199EA87B00342453 /* Vokabular */ = {
			isa = PBXGroup;
			children = (
				00297D951AACBFD20085D3DE /* Vokabular.entitlements */,
				0028D0D8199EA8A100342453 /* Views */,
				0028D0B9199EA87B00342453 /* AppDelegate.swift */,
				0028D0BD199EA87B00342453 /* Main.storyboard */,
				0028D0C0199EA87B00342453 /* Images.xcassets */,
				0028D0B7199EA87B00342453 /* Supporting Files */,
			);
			path = Vokabular;
			sourceTree = "<group>";
		};
		0028D0B7199EA87B00342453 /* Supporting Files */ = {
			isa = PBXGroup;
			children = (
				0028D0B8199EA87B00342453 /* Info.plist */,
				00A7391E19C47AD700475E11 /* TemplateIcon2x.png */,
			);
			name = "Supporting Files";
			sourceTree = "<group>";
		};
		0028D0C9199EA87B00342453 /* VokabularTests */ = {
			isa = PBXGroup;
			children = (
				0028D0CC199EA87B00342453 /* VokabularTests.swift */,
				0028D0CA199EA87B00342453 /* Supporting Files */,
			);
			path = VokabularTests;
			sourceTree = "<group>";
		};
		0028D0CA199EA87B00342453 /* Supporting Files */ = {
			isa = PBXGroup;
			children = (
				0028D0CB199EA87B00342453 /* Info.plist */,
			);
			name = "Supporting Files";
			sourceTree = "<group>";
		};
		0028D0D8199EA8A100342453 /* Views */ = {
			isa = PBXGroup;
			children = (
				0028D0BB199EA87B00342453 /* TestViewController.swift */,
				000A11461C41A1B90089DC60 /* LessonCellTableViewCell.swift */,
				0094FF6D19BB4680004CEACE /* TestSelectorViewController.swift */,
				0090303019D71DFA00849265 /* LineGraphViewController.swift */,
				000A11401C4079E60089DC60 /* PageViewController.swift */,
				000A11491C41B4D60089DC60 /* WordDetailsViewController.swift */,
				00ECDD471C78B2B80038D37D /* WordTypeView.swift */,
			);
			name = Views;
			sourceTree = "<group>";
		};
		00297D761AAC4BE20085D3DE /* Export to Vokabular */ = {
			isa = PBXGroup;
			children = (
				00297D961AACC01A0085D3DE /* Export to Vokabular.entitlements */,
				00297D791AAC4BE20085D3DE /* ActionRequestHandler.swift */,
				00409E291C56B9B5000416D4 /* ExportFileViewController.swift */,
				00409E271C558B0E000416D4 /* extensionInterface.storyboard */,
				00297D7B1AAC4BE20085D3DE /* Action.js */,
				00297D771AAC4BE20085D3DE /* Supporting Files */,
			);
			path = "Export to Vokabular";
			sourceTree = "<group>";
		};
		00297D771AAC4BE20085D3DE /* Supporting Files */ = {
			isa = PBXGroup;
			children = (
				00297D781AAC4BE20085D3DE /* Info.plist */,
			);
			name = "Supporting Files";
			sourceTree = "<group>";
		};
		005359441AB71B8E009F763E /* Frameworks */ = {
			isa = PBXGroup;
			children = (
				007856751C4BA08E009FAE7B /* CoreVokabular.framework */,
				006DE57F19D75C7A006D7A2F /* UIKit.framework */,
				005359431AB71B8E009F763E /* Vokabular.xcodeproj */,
			);
			name = Frameworks;
			path = Vokabular.xcodeproj;
			sourceTree = "<group>";
		};
		005359521ABAFE59009F763E /* Products */ = {
			isa = PBXGroup;
			name = Products;
			sourceTree = "<group>";
		};
		00B55E4C1C5D01410059930F /* ExportWithoutUI */ = {
			isa = PBXGroup;
			children = (
				00B55E6A1C5D0A4E0059930F /* ExportWithoutUI.entitlements */,
				00B55E4D1C5D01410059930F /* ActionRequestHandler.swift */,
				00B55E4F1C5D01410059930F /* Action.js */,
				00B55E511C5D01410059930F /* Info.plist */,
			);
			path = ExportWithoutUI;
			sourceTree = "<group>";
		};
		00B55E5D1C5D081D0059930F /* ShareWords */ = {
			isa = PBXGroup;
			children = (
				00B55E6B1C5D0A6C0059930F /* ShareWords.entitlements */,
				00B55E5E1C5D081D0059930F /* ShareViewController.swift */,
				00B55E601C5D081D0059930F /* MainInterface.storyboard */,
				00B55E631C5D081D0059930F /* Info.plist */,
			);
			path = ShareWords;
			sourceTree = "<group>";
		};
		00B6045C1A018A6F00243649 /* Vokabular_OSX */ = {
			isa = PBXGroup;
			children = (
				00B6045F1A018A6F00243649 /* AppDelegate.swift */,
				007C6CDB1A10FC7C00A6C5C0 /* BSMainWindowController.swift */,
				00B604611A018A6F00243649 /* ViewController.swift */,
				004B18B31ABDFE5200F70961 /* BSLessonSelectorViewController.swift */,
				00B604631A018A6F00243649 /* Images.xcassets */,
				00B604651A018A6F00243649 /* Main.storyboard */,
				00B6045D1A018A6F00243649 /* Supporting Files */,
				004B18B21ABDFE5100F70961 /* Vokabular_OSXTests-Bridging-Header.h */,
			);
			path = Vokabular_OSX;
			sourceTree = "<group>";
		};
		00B6045D1A018A6F00243649 /* Supporting Files */ = {
			isa = PBXGroup;
			children = (
				00B6045E1A018A6F00243649 /* Info.plist */,
			);
			name = "Supporting Files";
			sourceTree = "<group>";
		};
		00B6046F1A018A7000243649 /* Vokabular_OSXTests */ = {
			isa = PBXGroup;
			children = (
				00B604721A018A7000243649 /* Vokabular_OSXTests.swift */,
				00B604701A018A7000243649 /* Supporting Files */,
			);
			path = Vokabular_OSXTests;
			sourceTree = "<group>";
		};
		00B604701A018A7000243649 /* Supporting Files */ = {
			isa = PBXGroup;
			children = (
				00B604711A018A7000243649 /* Info.plist */,
			);
			name = "Supporting Files";
			sourceTree = "<group>";
		};
/* End PBXGroup section */

/* Begin PBXNativeTarget section */
		0028D0B3199EA87B00342453 /* Vokabular */ = {
			isa = PBXNativeTarget;
			buildConfigurationList = 0028D0D0199EA87B00342453 /* Build configuration list for PBXNativeTarget "Vokabular" */;
			buildPhases = (
				0028D0B0199EA87B00342453 /* Sources */,
				0028D0B1199EA87B00342453 /* Frameworks */,
				0028D0B2199EA87B00342453 /* Resources */,
				00B147901AAA6C1900ED68B1 /* Embed App Extensions */,
				007856781C4BA08E009FAE7B /* Embed Frameworks */,
			);
			buildRules = (
			);
			dependencies = (
				00297D7E1AAC4BE20085D3DE /* PBXTargetDependency */,
				00B55E531C5D01410059930F /* PBXTargetDependency */,
				00B55E651C5D081D0059930F /* PBXTargetDependency */,
			);
			name = Vokabular;
			productName = Vokabular;
			productReference = 0028D0B4199EA87B00342453 /* Vokabular.app */;
			productType = "com.apple.product-type.application";
		};
		00297D741AAC4BE20085D3DE /* Export to Vokabular */ = {
			isa = PBXNativeTarget;
			buildConfigurationList = 00297D801AAC4BE20085D3DE /* Build configuration list for PBXNativeTarget "Export to Vokabular" */;
			buildPhases = (
				00297D711AAC4BE20085D3DE /* Sources */,
				00297D721AAC4BE20085D3DE /* Frameworks */,
				00297D731AAC4BE20085D3DE /* Resources */,
			);
			buildRules = (
			);
			dependencies = (
			);
			name = "Export to Vokabular";
			productName = "Export to Vokabular";
			productReference = 00297D751AAC4BE20085D3DE /* Export to Vokabular.appex */;
			productType = "com.apple.product-type.app-extension";
		};
		00B55E4A1C5D01410059930F /* ExportWithoutUI */ = {
			isa = PBXNativeTarget;
			buildConfigurationList = 00B55E551C5D01460059930F /* Build configuration list for PBXNativeTarget "ExportWithoutUI" */;
			buildPhases = (
				00B55E471C5D01410059930F /* Sources */,
				00B55E481C5D01410059930F /* Frameworks */,
				00B55E491C5D01410059930F /* Resources */,
			);
			buildRules = (
			);
			dependencies = (
			);
			name = ExportWithoutUI;
			productName = ExportWithoutUI;
			productReference = 00B55E4B1C5D01410059930F /* ExportWithoutUI.appex */;
			productType = "com.apple.product-type.app-extension";
		};
		00B55E5B1C5D081D0059930F /* ShareWords */ = {
			isa = PBXNativeTarget;
			buildConfigurationList = 00B55E671C5D08200059930F /* Build configuration list for PBXNativeTarget "ShareWords" */;
			buildPhases = (
				00B55E581C5D081D0059930F /* Sources */,
				00B55E591C5D081D0059930F /* Frameworks */,
				00B55E5A1C5D081D0059930F /* Resources */,
			);
			buildRules = (
			);
			dependencies = (
			);
			name = ShareWords;
			productName = ShareWords;
			productReference = 00B55E5C1C5D081D0059930F /* ShareWords.appex */;
			productType = "com.apple.product-type.app-extension";
		};
		00B6045A1A018A6F00243649 /* Vokabular  */ = {
			isa = PBXNativeTarget;
			buildConfigurationList = 00B604741A018A7000243649 /* Build configuration list for PBXNativeTarget "Vokabular " */;
			buildPhases = (
				00B604571A018A6F00243649 /* Sources */,
				00B604581A018A6F00243649 /* Frameworks */,
				00B604591A018A6F00243649 /* Resources */,
				007364FF1A22365400AAEF31 /* Embed Frameworks */,
			);
			buildRules = (
			);
			dependencies = (
			);
			name = "Vokabular ";
			productName = Vokabular_OSX;
			productReference = 00B6045B1A018A6F00243649 /* Vokabular .app */;
			productType = "com.apple.product-type.application";
		};
		00B6046B1A018A6F00243649 /* Vokabular_OSXTests */ = {
			isa = PBXNativeTarget;
			buildConfigurationList = 00B604771A018A7000243649 /* Build configuration list for PBXNativeTarget "Vokabular_OSXTests" */;
			buildPhases = (
				00B604681A018A6F00243649 /* Sources */,
				00B604691A018A6F00243649 /* Frameworks */,
				00B6046A1A018A6F00243649 /* Resources */,
			);
			buildRules = (
			);
			dependencies = (
				00B6046E1A018A7000243649 /* PBXTargetDependency */,
			);
			name = Vokabular_OSXTests;
			productName = Vokabular_OSXTests;
			productReference = 00B6046C1A018A6F00243649 /* Vokabular_OSXTests.xctest */;
			productType = "com.apple.product-type.bundle.unit-test";
		};
/* End PBXNativeTarget section */

/* Begin PBXProject section */
		0028D0AC199EA87B00342453 /* Project object */ = {
			isa = PBXProject;
			attributes = {
				LastSwiftMigration = 0700;
				LastSwiftUpdateCheck = 0720;
				LastUpgradeCheck = 0700;
				ORGANIZATIONNAME = "Borja Arias Drake";
				TargetAttributes = {
					0028D0B3199EA87B00342453 = {
						CreatedOnToolsVersion = 6.0;
						DevelopmentTeam = HDWMV7DY5P;
						SystemCapabilities = {
							com.apple.ApplicationGroups.iOS = {
								enabled = 1;
							};
						};
					};
					00297D741AAC4BE20085D3DE = {
						CreatedOnToolsVersion = 6.1.1;
						DevelopmentTeam = HDWMV7DY5P;
						SystemCapabilities = {
							com.apple.ApplicationGroups.iOS = {
								enabled = 1;
							};
						};
					};
					00B55E4A1C5D01410059930F = {
						CreatedOnToolsVersion = 7.2;
						DevelopmentTeam = HDWMV7DY5P;
						SystemCapabilities = {
							com.apple.ApplicationGroups.iOS = {
								enabled = 1;
							};
						};
					};
					00B55E5B1C5D081D0059930F = {
						CreatedOnToolsVersion = 7.2;
						DevelopmentTeam = HDWMV7DY5P;
						SystemCapabilities = {
							com.apple.ApplicationGroups.iOS = {
								enabled = 1;
							};
						};
					};
					00B6045A1A018A6F00243649 = {
						CreatedOnToolsVersion = 6.1;
					};
					00B6046B1A018A6F00243649 = {
						CreatedOnToolsVersion = 6.1;
						TestTargetID = 00B6045A1A018A6F00243649;
					};
				};
			};
			buildConfigurationList = 0028D0AF199EA87B00342453 /* Build configuration list for PBXProject "Vokabular" */;
			compatibilityVersion = "Xcode 3.2";
			developmentRegion = English;
			hasScannedForEncodings = 0;
			knownRegions = (
				en,
				Base,
			);
			mainGroup = 0028D0AB199EA87B00342453;
			productRefGroup = 0028D0B5199EA87B00342453 /* Products */;
			projectDirPath = "";
			projectReferences = (
				{
					ProductGroup = 005359521ABAFE59009F763E /* Products */;
					ProjectRef = 005359431AB71B8E009F763E /* Vokabular.xcodeproj */;
				},
			);
			projectRoot = "";
			targets = (
				0028D0B3199EA87B00342453 /* Vokabular */,
				00B6045A1A018A6F00243649 /* Vokabular  */,
				00B6046B1A018A6F00243649 /* Vokabular_OSXTests */,
				00297D741AAC4BE20085D3DE /* Export to Vokabular */,
				00B55E4A1C5D01410059930F /* ExportWithoutUI */,
				00B55E5B1C5D081D0059930F /* ShareWords */,
			);
		};
/* End PBXProject section */

/* Begin PBXResourcesBuildPhase section */
		0028D0B2199EA87B00342453 /* Resources */ = {
			isa = PBXResourcesBuildPhase;
			buildActionMask = 2147483647;
			files = (
				0028D0BF199EA87B00342453 /* Main.storyboard in Resources */,
				0028D0C1199EA87B00342453 /* Images.xcassets in Resources */,
				00A7392119C47AD700475E11 /* TemplateIcon2x.png in Resources */,
			);
			runOnlyForDeploymentPostprocessing = 0;
		};
		00297D731AAC4BE20085D3DE /* Resources */ = {
			isa = PBXResourcesBuildPhase;
			buildActionMask = 2147483647;
			files = (
				00297D7C1AAC4BE20085D3DE /* Action.js in Resources */,
				00409E281C558B0E000416D4 /* extensionInterface.storyboard in Resources */,
				004B18B61ABFF06A00F70961 /* Images.xcassets in Resources */,
			);
			runOnlyForDeploymentPostprocessing = 0;
		};
		00B55E491C5D01410059930F /* Resources */ = {
			isa = PBXResourcesBuildPhase;
			buildActionMask = 2147483647;
			files = (
				00B55E501C5D01410059930F /* Action.js in Resources */,
			);
			runOnlyForDeploymentPostprocessing = 0;
		};
		00B55E5A1C5D081D0059930F /* Resources */ = {
			isa = PBXResourcesBuildPhase;
			buildActionMask = 2147483647;
			files = (
				00B55E621C5D081D0059930F /* MainInterface.storyboard in Resources */,
			);
			runOnlyForDeploymentPostprocessing = 0;
		};
		00B604591A018A6F00243649 /* Resources */ = {
			isa = PBXResourcesBuildPhase;
			buildActionMask = 2147483647;
			files = (
				00B604641A018A6F00243649 /* Images.xcassets in Resources */,
				00B604671A018A6F00243649 /* Main.storyboard in Resources */,
			);
			runOnlyForDeploymentPostprocessing = 0;
		};
		00B6046A1A018A6F00243649 /* Resources */ = {
			isa = PBXResourcesBuildPhase;
			buildActionMask = 2147483647;
			files = (
			);
			runOnlyForDeploymentPostprocessing = 0;
		};
/* End PBXResourcesBuildPhase section */

/* Begin PBXSourcesBuildPhase section */
		0028D0B0199EA87B00342453 /* Sources */ = {
			isa = PBXSourcesBuildPhase;
			buildActionMask = 2147483647;
			files = (
				0094FF6E19BB4680004CEACE /* TestSelectorViewController.swift in Sources */,
				000A114A1C41B4D60089DC60 /* WordDetailsViewController.swift in Sources */,
				000A11411C4079E60089DC60 /* PageViewController.swift in Sources */,
				0090303119D71DFA00849265 /* LineGraphViewController.swift in Sources */,
				0028D0BC199EA87B00342453 /* TestViewController.swift in Sources */,
				0028D0BA199EA87B00342453 /* AppDelegate.swift in Sources */,
				00ECDD481C78B2B80038D37D /* WordTypeView.swift in Sources */,
				000A11471C41A1B90089DC60 /* LessonCellTableViewCell.swift in Sources */,
			);
			runOnlyForDeploymentPostprocessing = 0;
		};
		00297D711AAC4BE20085D3DE /* Sources */ = {
			isa = PBXSourcesBuildPhase;
			buildActionMask = 2147483647;
			files = (
				00409E2A1C56B9B5000416D4 /* ExportFileViewController.swift in Sources */,
				00297D7A1AAC4BE20085D3DE /* ActionRequestHandler.swift in Sources */,
			);
			runOnlyForDeploymentPostprocessing = 0;
		};
		00B55E471C5D01410059930F /* Sources */ = {
			isa = PBXSourcesBuildPhase;
			buildActionMask = 2147483647;
			files = (
				00B55E4E1C5D01410059930F /* ActionRequestHandler.swift in Sources */,
			);
			runOnlyForDeploymentPostprocessing = 0;
		};
		00B55E581C5D081D0059930F /* Sources */ = {
			isa = PBXSourcesBuildPhase;
			buildActionMask = 2147483647;
			files = (
				00B55E5F1C5D081D0059930F /* ShareViewController.swift in Sources */,
			);
			runOnlyForDeploymentPostprocessing = 0;
		};
		00B604571A018A6F00243649 /* Sources */ = {
			isa = PBXSourcesBuildPhase;
			buildActionMask = 2147483647;
			files = (
				004B18B41ABDFE5200F70961 /* BSLessonSelectorViewController.swift in Sources */,
				00B604621A018A6F00243649 /* ViewController.swift in Sources */,
				007C6CDC1A10FC7C00A6C5C0 /* BSMainWindowController.swift in Sources */,
				00B604601A018A6F00243649 /* AppDelegate.swift in Sources */,
			);
			runOnlyForDeploymentPostprocessing = 0;
		};
		00B604681A018A6F00243649 /* Sources */ = {
			isa = PBXSourcesBuildPhase;
			buildActionMask = 2147483647;
			files = (
			);
			runOnlyForDeploymentPostprocessing = 0;
		};
/* End PBXSourcesBuildPhase section */

/* Begin PBXTargetDependency section */
		00297D7E1AAC4BE20085D3DE /* PBXTargetDependency */ = {
			isa = PBXTargetDependency;
			target = 00297D741AAC4BE20085D3DE /* Export to Vokabular */;
			targetProxy = 00297D7D1AAC4BE20085D3DE /* PBXContainerItemProxy */;
		};
		00B55E531C5D01410059930F /* PBXTargetDependency */ = {
			isa = PBXTargetDependency;
			target = 00B55E4A1C5D01410059930F /* ExportWithoutUI */;
			targetProxy = 00B55E521C5D01410059930F /* PBXContainerItemProxy */;
		};
		00B55E651C5D081D0059930F /* PBXTargetDependency */ = {
			isa = PBXTargetDependency;
			target = 00B55E5B1C5D081D0059930F /* ShareWords */;
			targetProxy = 00B55E641C5D081D0059930F /* PBXContainerItemProxy */;
		};
		00B6046E1A018A7000243649 /* PBXTargetDependency */ = {
			isa = PBXTargetDependency;
			target = 00B6045A1A018A6F00243649 /* Vokabular  */;
			targetProxy = 00B6046D1A018A7000243649 /* PBXContainerItemProxy */;
		};
/* End PBXTargetDependency section */

/* Begin PBXVariantGroup section */
		0028D0BD199EA87B00342453 /* Main.storyboard */ = {
			isa = PBXVariantGroup;
			children = (
				0028D0BE199EA87B00342453 /* Base */,
			);
			name = Main.storyboard;
			sourceTree = "<group>";
		};
		00B55E601C5D081D0059930F /* MainInterface.storyboard */ = {
			isa = PBXVariantGroup;
			children = (
				00B55E611C5D081D0059930F /* Base */,
			);
			name = MainInterface.storyboard;
			sourceTree = "<group>";
		};
		00B604651A018A6F00243649 /* Main.storyboard */ = {
			isa = PBXVariantGroup;
			children = (
				00B604661A018A6F00243649 /* Base */,
			);
			name = Main.storyboard;
			sourceTree = "<group>";
		};
/* End PBXVariantGroup section */

/* Begin XCBuildConfiguration section */
		0028D0CE199EA87B00342453 /* Debug */ = {
			isa = XCBuildConfiguration;
			buildSettings = {
				ALWAYS_SEARCH_USER_PATHS = NO;
				CLANG_CXX_LANGUAGE_STANDARD = "gnu++0x";
				CLANG_CXX_LIBRARY = "libc++";
				CLANG_ENABLE_MODULES = YES;
				CLANG_ENABLE_OBJC_ARC = YES;
				CLANG_WARN_BOOL_CONVERSION = YES;
				CLANG_WARN_CONSTANT_CONVERSION = YES;
				CLANG_WARN_DIRECT_OBJC_ISA_USAGE = YES_ERROR;
				CLANG_WARN_EMPTY_BODY = YES;
				CLANG_WARN_ENUM_CONVERSION = YES;
				CLANG_WARN_INT_CONVERSION = YES;
				CLANG_WARN_OBJC_ROOT_CLASS = YES_ERROR;
				CLANG_WARN_UNREACHABLE_CODE = YES;
				CLANG_WARN__DUPLICATE_METHOD_MATCH = YES;
				"CODE_SIGN_IDENTITY[sdk=iphoneos*]" = "iPhone Developer";
				COPY_PHASE_STRIP = NO;
				ENABLE_STRICT_OBJC_MSGSEND = YES;
				ENABLE_TESTABILITY = YES;
				GCC_C_LANGUAGE_STANDARD = gnu99;
				GCC_DYNAMIC_NO_PIC = NO;
				GCC_OPTIMIZATION_LEVEL = 0;
				GCC_PREPROCESSOR_DEFINITIONS = (
					"DEBUG=1",
					"$(inherited)",
				);
				GCC_SYMBOLS_PRIVATE_EXTERN = NO;
				GCC_WARN_64_TO_32_BIT_CONVERSION = YES;
				GCC_WARN_ABOUT_RETURN_TYPE = YES_ERROR;
				GCC_WARN_UNDECLARED_SELECTOR = YES;
				GCC_WARN_UNINITIALIZED_AUTOS = YES_AGGRESSIVE;
				GCC_WARN_UNUSED_FUNCTION = YES;
				GCC_WARN_UNUSED_VARIABLE = YES;
				IPHONEOS_DEPLOYMENT_TARGET = 8.0;
				MTL_ENABLE_DEBUG_INFO = YES;
				ONLY_ACTIVE_ARCH = YES;
				SDKROOT = iphoneos;
				SWIFT_OPTIMIZATION_LEVEL = "-Onone";
				TARGETED_DEVICE_FAMILY = "1,2";
			};
			name = Debug;
		};
		0028D0CF199EA87B00342453 /* Release */ = {
			isa = XCBuildConfiguration;
			buildSettings = {
				ALWAYS_SEARCH_USER_PATHS = NO;
				CLANG_CXX_LANGUAGE_STANDARD = "gnu++0x";
				CLANG_CXX_LIBRARY = "libc++";
				CLANG_ENABLE_MODULES = YES;
				CLANG_ENABLE_OBJC_ARC = YES;
				CLANG_WARN_BOOL_CONVERSION = YES;
				CLANG_WARN_CONSTANT_CONVERSION = YES;
				CLANG_WARN_DIRECT_OBJC_ISA_USAGE = YES_ERROR;
				CLANG_WARN_EMPTY_BODY = YES;
				CLANG_WARN_ENUM_CONVERSION = YES;
				CLANG_WARN_INT_CONVERSION = YES;
				CLANG_WARN_OBJC_ROOT_CLASS = YES_ERROR;
				CLANG_WARN_UNREACHABLE_CODE = YES;
				CLANG_WARN__DUPLICATE_METHOD_MATCH = YES;
				"CODE_SIGN_IDENTITY[sdk=iphoneos*]" = "iPhone Developer";
				COPY_PHASE_STRIP = YES;
				ENABLE_NS_ASSERTIONS = NO;
				ENABLE_STRICT_OBJC_MSGSEND = YES;
				GCC_C_LANGUAGE_STANDARD = gnu99;
				GCC_WARN_64_TO_32_BIT_CONVERSION = YES;
				GCC_WARN_ABOUT_RETURN_TYPE = YES_ERROR;
				GCC_WARN_UNDECLARED_SELECTOR = YES;
				GCC_WARN_UNINITIALIZED_AUTOS = YES_AGGRESSIVE;
				GCC_WARN_UNUSED_FUNCTION = YES;
				GCC_WARN_UNUSED_VARIABLE = YES;
				IPHONEOS_DEPLOYMENT_TARGET = 8.0;
				MTL_ENABLE_DEBUG_INFO = NO;
				SDKROOT = iphoneos;
				TARGETED_DEVICE_FAMILY = "1,2";
				VALIDATE_PRODUCT = YES;
			};
			name = Release;
		};
		0028D0D1199EA87B00342453 /* Debug */ = {
			isa = XCBuildConfiguration;
			buildSettings = {
				ASSETCATALOG_COMPILER_APPICON_NAME = AppIcon;
				ASSETCATALOG_COMPILER_LAUNCHIMAGE_NAME = LaunchImage;
				CODE_SIGN_ENTITLEMENTS = Vokabular/Vokabular.entitlements;
				CODE_SIGN_IDENTITY = "iPhone Developer";
				"CODE_SIGN_IDENTITY[sdk=iphoneos*]" = "iPhone Developer";
				EMBEDDED_CONTENT_CONTAINS_SWIFT = YES;
				FRAMEWORK_SEARCH_PATHS = (
					"$(inherited)",
					"$(PROJECT_DIR)/Vokabular",
					"$(PROJECT_DIR)",
					"$(USER_LIBRARY_DIR)/Developer/Xcode/DerivedData/CoreVokabular-abfatztpxydfmzadynrtoophpjwt/Build/Products/Debug-iphoneos",
				);
				INFOPLIST_FILE = Vokabular/Info.plist;
				IPHONEOS_DEPLOYMENT_TARGET = 8.0;
				LD_RUNPATH_SEARCH_PATHS = "$(inherited) @executable_path/Frameworks";
				LIBRARY_SEARCH_PATHS = (
					"$(inherited)",
					"$(PROJECT_DIR)",
				);
				PRODUCT_BUNDLE_IDENTIFIER = "com.boasoftware.$(PRODUCT_NAME:rfc1034identifier)";
				PRODUCT_NAME = "$(TARGET_NAME)";
				PROVISIONING_PROFILE = "";
			};
			name = Debug;
		};
		0028D0D2199EA87B00342453 /* Release */ = {
			isa = XCBuildConfiguration;
			buildSettings = {
				ASSETCATALOG_COMPILER_APPICON_NAME = AppIcon;
				ASSETCATALOG_COMPILER_LAUNCHIMAGE_NAME = LaunchImage;
				CODE_SIGN_ENTITLEMENTS = Vokabular/Vokabular.entitlements;
				CODE_SIGN_IDENTITY = "iPhone Developer";
				"CODE_SIGN_IDENTITY[sdk=iphoneos*]" = "iPhone Developer";
				EMBEDDED_CONTENT_CONTAINS_SWIFT = YES;
				FRAMEWORK_SEARCH_PATHS = (
					"$(inherited)",
					"$(PROJECT_DIR)/Vokabular",
					"$(PROJECT_DIR)",
					"$(USER_LIBRARY_DIR)/Developer/Xcode/DerivedData/CoreVokabular-abfatztpxydfmzadynrtoophpjwt/Build/Products/Debug-iphoneos",
				);
				INFOPLIST_FILE = Vokabular/Info.plist;
				IPHONEOS_DEPLOYMENT_TARGET = 8.0;
				LD_RUNPATH_SEARCH_PATHS = "$(inherited) @executable_path/Frameworks";
				LIBRARY_SEARCH_PATHS = (
					"$(inherited)",
					"$(PROJECT_DIR)",
				);
				PRODUCT_BUNDLE_IDENTIFIER = "com.boasoftware.$(PRODUCT_NAME:rfc1034identifier)";
				PRODUCT_NAME = "$(TARGET_NAME)";
				PROVISIONING_PROFILE = "";
			};
			name = Release;
		};
		00297D811AAC4BE20085D3DE /* Debug */ = {
			isa = XCBuildConfiguration;
			buildSettings = {
				ASSETCATALOG_COMPILER_APPICON_NAME = AppIcon;
				ASSETCATALOG_COMPILER_LAUNCHIMAGE_NAME = LaunchImage;
				CODE_SIGN_ENTITLEMENTS = "Export to Vokabular/Export to Vokabular.entitlements";
				CODE_SIGN_IDENTITY = "iPhone Developer";
				"CODE_SIGN_IDENTITY[sdk=iphoneos*]" = "iPhone Developer";
				GCC_PREPROCESSOR_DEFINITIONS = (
					"DEBUG=1",
					"$(inherited)",
				);
				INFOPLIST_FILE = "Export to Vokabular/Info.plist";
				IPHONEOS_DEPLOYMENT_TARGET = 8.0;
				LD_RUNPATH_SEARCH_PATHS = "$(inherited) @executable_path/Frameworks @executable_path/../../Frameworks";
				PRODUCT_BUNDLE_IDENTIFIER = "com.boasoftware.Vokabular.$(PRODUCT_NAME:rfc1034identifier)";
				PRODUCT_NAME = "$(TARGET_NAME)";
				PROVISIONING_PROFILE = "";
				SKIP_INSTALL = YES;
			};
			name = Debug;
		};
		00297D821AAC4BE20085D3DE /* Release */ = {
			isa = XCBuildConfiguration;
			buildSettings = {
				ASSETCATALOG_COMPILER_APPICON_NAME = AppIcon;
				ASSETCATALOG_COMPILER_LAUNCHIMAGE_NAME = LaunchImage;
				CODE_SIGN_ENTITLEMENTS = "Export to Vokabular/Export to Vokabular.entitlements";
				CODE_SIGN_IDENTITY = "iPhone Developer";
				"CODE_SIGN_IDENTITY[sdk=iphoneos*]" = "iPhone Developer";
				INFOPLIST_FILE = "Export to Vokabular/Info.plist";
				IPHONEOS_DEPLOYMENT_TARGET = 8.0;
				LD_RUNPATH_SEARCH_PATHS = "$(inherited) @executable_path/Frameworks @executable_path/../../Frameworks";
				PRODUCT_BUNDLE_IDENTIFIER = "com.boasoftware.Vokabular.$(PRODUCT_NAME:rfc1034identifier)";
				PRODUCT_NAME = "$(TARGET_NAME)";
				PROVISIONING_PROFILE = "";
				SKIP_INSTALL = YES;
			};
			name = Release;
		};
		00B55E561C5D01460059930F /* Debug */ = {
			isa = XCBuildConfiguration;
			buildSettings = {
				CODE_SIGN_ENTITLEMENTS = ExportWithoutUI/ExportWithoutUI.entitlements;
				CODE_SIGN_IDENTITY = "iPhone Developer";
				"CODE_SIGN_IDENTITY[sdk=iphoneos*]" = "iPhone Developer";
				DEBUG_INFORMATION_FORMAT = dwarf;
				GCC_NO_COMMON_BLOCKS = YES;
				INFOPLIST_FILE = ExportWithoutUI/Info.plist;
				IPHONEOS_DEPLOYMENT_TARGET = 9.2;
				LD_RUNPATH_SEARCH_PATHS = "$(inherited) @executable_path/Frameworks @executable_path/../../Frameworks";
				PRODUCT_BUNDLE_IDENTIFIER = com.boasoftware.Vokabular.ExportWithoutUI;
				PRODUCT_NAME = "$(TARGET_NAME)";
				PROVISIONING_PROFILE = "";
				SKIP_INSTALL = YES;
			};
			name = Debug;
		};
		00B55E571C5D01460059930F /* Release */ = {
			isa = XCBuildConfiguration;
			buildSettings = {
				CODE_SIGN_ENTITLEMENTS = ExportWithoutUI/ExportWithoutUI.entitlements;
				CODE_SIGN_IDENTITY = "iPhone Developer";
				"CODE_SIGN_IDENTITY[sdk=iphoneos*]" = "iPhone Developer";
				COPY_PHASE_STRIP = NO;
				DEBUG_INFORMATION_FORMAT = "dwarf-with-dsym";
				GCC_NO_COMMON_BLOCKS = YES;
				INFOPLIST_FILE = ExportWithoutUI/Info.plist;
				IPHONEOS_DEPLOYMENT_TARGET = 9.2;
				LD_RUNPATH_SEARCH_PATHS = "$(inherited) @executable_path/Frameworks @executable_path/../../Frameworks";
				PRODUCT_BUNDLE_IDENTIFIER = com.boasoftware.Vokabular.ExportWithoutUI;
				PRODUCT_NAME = "$(TARGET_NAME)";
				PROVISIONING_PROFILE = "";
				SKIP_INSTALL = YES;
			};
			name = Release;
		};
		00B55E681C5D08200059930F /* Debug */ = {
			isa = XCBuildConfiguration;
			buildSettings = {
				CODE_SIGN_ENTITLEMENTS = ShareWords/ShareWords.entitlements;
				CODE_SIGN_IDENTITY = "iPhone Developer";
				"CODE_SIGN_IDENTITY[sdk=iphoneos*]" = "iPhone Developer";
				DEBUG_INFORMATION_FORMAT = dwarf;
				GCC_NO_COMMON_BLOCKS = YES;
				INFOPLIST_FILE = ShareWords/Info.plist;
				IPHONEOS_DEPLOYMENT_TARGET = 9.2;
				LD_RUNPATH_SEARCH_PATHS = "$(inherited) @executable_path/Frameworks @executable_path/../../Frameworks";
				PRODUCT_BUNDLE_IDENTIFIER = com.boasoftware.Vokabular.ShareWords;
				PRODUCT_NAME = "$(TARGET_NAME)";
				PROVISIONING_PROFILE = "";
				SKIP_INSTALL = YES;
			};
			name = Debug;
		};
		00B55E691C5D08200059930F /* Release */ = {
			isa = XCBuildConfiguration;
			buildSettings = {
				CODE_SIGN_ENTITLEMENTS = ShareWords/ShareWords.entitlements;
				CODE_SIGN_IDENTITY = "iPhone Developer";
				"CODE_SIGN_IDENTITY[sdk=iphoneos*]" = "iPhone Developer";
				COPY_PHASE_STRIP = NO;
				DEBUG_INFORMATION_FORMAT = "dwarf-with-dsym";
				GCC_NO_COMMON_BLOCKS = YES;
				INFOPLIST_FILE = ShareWords/Info.plist;
				IPHONEOS_DEPLOYMENT_TARGET = 9.2;
				LD_RUNPATH_SEARCH_PATHS = "$(inherited) @executable_path/Frameworks @executable_path/../../Frameworks";
				PRODUCT_BUNDLE_IDENTIFIER = com.boasoftware.Vokabular.ShareWords;
				PRODUCT_NAME = "$(TARGET_NAME)";
				PROVISIONING_PROFILE = "";
				SKIP_INSTALL = YES;
			};
			name = Release;
		};
		00B604751A018A7000243649 /* Debug */ = {
			isa = XCBuildConfiguration;
			buildSettings = {
				ASSETCATALOG_COMPILER_APPICON_NAME = AppIcon;
				CODE_SIGN_IDENTITY = "-";
				COMBINE_HIDPI_IMAGES = YES;
				FRAMEWORK_SEARCH_PATHS = (
					"$(inherited)",
					"$(PROJECT_DIR)",
				);
				GCC_PREPROCESSOR_DEFINITIONS = (
					"DEBUG=1",
					"$(inherited)",
				);
				INFOPLIST_FILE = Vokabular_OSX/Info.plist;
				LD_RUNPATH_SEARCH_PATHS = "$(inherited) @executable_path/../Frameworks";
				MACOSX_DEPLOYMENT_TARGET = 10.10;
				PRODUCT_BUNDLE_IDENTIFIER = "com.boasoftware.$(PRODUCT_NAME:rfc1034identifier)";
				PRODUCT_NAME = "$(TARGET_NAME)";
				SDKROOT = macosx;
			};
			name = Debug;
		};
		00B604761A018A7000243649 /* Release */ = {
			isa = XCBuildConfiguration;
			buildSettings = {
				ASSETCATALOG_COMPILER_APPICON_NAME = AppIcon;
				CODE_SIGN_IDENTITY = "-";
				COMBINE_HIDPI_IMAGES = YES;
				DEBUG_INFORMATION_FORMAT = "dwarf-with-dsym";
				FRAMEWORK_SEARCH_PATHS = (
					"$(inherited)",
					"$(PROJECT_DIR)",
				);
				INFOPLIST_FILE = Vokabular_OSX/Info.plist;
				LD_RUNPATH_SEARCH_PATHS = "$(inherited) @executable_path/../Frameworks";
				MACOSX_DEPLOYMENT_TARGET = 10.10;
				PRODUCT_BUNDLE_IDENTIFIER = "com.boasoftware.$(PRODUCT_NAME:rfc1034identifier)";
				PRODUCT_NAME = "$(TARGET_NAME)";
				SDKROOT = macosx;
			};
			name = Release;
		};
		00B604781A018A7000243649 /* Debug */ = {
			isa = XCBuildConfiguration;
			buildSettings = {
				BUNDLE_LOADER = "$(TEST_HOST)";
				CLANG_ENABLE_MODULES = YES;
				COMBINE_HIDPI_IMAGES = YES;
				FRAMEWORK_SEARCH_PATHS = (
					"$(DEVELOPER_FRAMEWORKS_DIR)",
					"$(inherited)",
					"$(PROJECT_DIR)",
				);
				GCC_PREPROCESSOR_DEFINITIONS = (
					"DEBUG=1",
					"$(inherited)",
				);
				INFOPLIST_FILE = Vokabular_OSXTests/Info.plist;
				LD_RUNPATH_SEARCH_PATHS = "$(inherited) @executable_path/../Frameworks @loader_path/../Frameworks";
				MACOSX_DEPLOYMENT_TARGET = 10.10;
				PRODUCT_BUNDLE_IDENTIFIER = "com.boasoftware.$(PRODUCT_NAME:rfc1034identifier)";
				PRODUCT_NAME = "$(TARGET_NAME)";
				SDKROOT = macosx;
				SWIFT_OBJC_BRIDGING_HEADER = "Vokabular_OSX/Vokabular_OSXTests-Bridging-Header.h";
				SWIFT_OPTIMIZATION_LEVEL = "-Onone";
				TEST_HOST = "$(BUILT_PRODUCTS_DIR)/Vokabular_OSX.app/Contents/MacOS/Vokabular_OSX";
			};
			name = Debug;
		};
		00B604791A018A7000243649 /* Release */ = {
			isa = XCBuildConfiguration;
			buildSettings = {
				BUNDLE_LOADER = "$(TEST_HOST)";
				CLANG_ENABLE_MODULES = YES;
				COMBINE_HIDPI_IMAGES = YES;
				DEBUG_INFORMATION_FORMAT = "dwarf-with-dsym";
				FRAMEWORK_SEARCH_PATHS = (
					"$(DEVELOPER_FRAMEWORKS_DIR)",
					"$(inherited)",
					"$(PROJECT_DIR)",
				);
				INFOPLIST_FILE = Vokabular_OSXTests/Info.plist;
				LD_RUNPATH_SEARCH_PATHS = "$(inherited) @executable_path/../Frameworks @loader_path/../Frameworks";
				MACOSX_DEPLOYMENT_TARGET = 10.10;
				PRODUCT_BUNDLE_IDENTIFIER = "com.boasoftware.$(PRODUCT_NAME:rfc1034identifier)";
				PRODUCT_NAME = "$(TARGET_NAME)";
				SDKROOT = macosx;
				SWIFT_OBJC_BRIDGING_HEADER = "Vokabular_OSX/Vokabular_OSXTests-Bridging-Header.h";
				TEST_HOST = "$(BUILT_PRODUCTS_DIR)/Vokabular_OSX.app/Contents/MacOS/Vokabular_OSX";
			};
			name = Release;
		};
/* End XCBuildConfiguration section */

/* Begin XCConfigurationList section */
		0028D0AF199EA87B00342453 /* Build configuration list for PBXProject "Vokabular" */ = {
			isa = XCConfigurationList;
			buildConfigurations = (
				0028D0CE199EA87B00342453 /* Debug */,
				0028D0CF199EA87B00342453 /* Release */,
			);
			defaultConfigurationIsVisible = 0;
			defaultConfigurationName = Release;
		};
		0028D0D0199EA87B00342453 /* Build configuration list for PBXNativeTarget "Vokabular" */ = {
			isa = XCConfigurationList;
			buildConfigurations = (
				0028D0D1199EA87B00342453 /* Debug */,
				0028D0D2199EA87B00342453 /* Release */,
			);
			defaultConfigurationIsVisible = 0;
			defaultConfigurationName = Release;
		};
		00297D801AAC4BE20085D3DE /* Build configuration list for PBXNativeTarget "Export to Vokabular" */ = {
			isa = XCConfigurationList;
			buildConfigurations = (
				00297D811AAC4BE20085D3DE /* Debug */,
				00297D821AAC4BE20085D3DE /* Release */,
			);
			defaultConfigurationIsVisible = 0;
			defaultConfigurationName = Release;
		};
		00B55E551C5D01460059930F /* Build configuration list for PBXNativeTarget "ExportWithoutUI" */ = {
			isa = XCConfigurationList;
			buildConfigurations = (
				00B55E561C5D01460059930F /* Debug */,
				00B55E571C5D01460059930F /* Release */,
			);
			defaultConfigurationIsVisible = 0;
			defaultConfigurationName = Release;
		};
		00B55E671C5D08200059930F /* Build configuration list for PBXNativeTarget "ShareWords" */ = {
			isa = XCConfigurationList;
			buildConfigurations = (
				00B55E681C5D08200059930F /* Debug */,
				00B55E691C5D08200059930F /* Release */,
			);
			defaultConfigurationIsVisible = 0;
			defaultConfigurationName = Release;
		};
		00B604741A018A7000243649 /* Build configuration list for PBXNativeTarget "Vokabular " */ = {
			isa = XCConfigurationList;
			buildConfigurations = (
				00B604751A018A7000243649 /* Debug */,
				00B604761A018A7000243649 /* Release */,
			);
			defaultConfigurationIsVisible = 0;
			defaultConfigurationName = Release;
		};
		00B604771A018A7000243649 /* Build configuration list for PBXNativeTarget "Vokabular_OSXTests" */ = {
			isa = XCConfigurationList;
			buildConfigurations = (
				00B604781A018A7000243649 /* Debug */,
				00B604791A018A7000243649 /* Release */,
			);
			defaultConfigurationIsVisible = 0;
			defaultConfigurationName = Release;
		};
/* End XCConfigurationList section */
	};
	rootObject = 0028D0AC199EA87B00342453 /* Project object */;
}
